// !$*UTF8*$!
{
	archiveVersion = 1;
	classes = {
	};
	objectVersion = 55;
	objects = {

/* Begin PBXBuildFile section */
		2A1037ED27ED68000042D609 /* Template.swift in Sources */ = {isa = PBXBuildFile; fileRef = 2A1037EC27ED68000042D609 /* Template.swift */; };
		2A8C244E280E426400FC2A2B /* CoordConversion.swift in Sources */ = {isa = PBXBuildFile; fileRef = 2A8C244D280E426400FC2A2B /* CoordConversion.swift */; };
		2A8C2450280F44C300FC2A2B /* GridPoint.swift in Sources */ = {isa = PBXBuildFile; fileRef = 2A8C244F280F44C300FC2A2B /* GridPoint.swift */; };
		2ADC1F2C27F395F5006FA96D /* Shape.swift in Sources */ = {isa = PBXBuildFile; fileRef = 2ADC1F2B27F395F5006FA96D /* Shape.swift */; };
		D55B208127F3920F006D16C3 /* Utils.swift in Sources */ = {isa = PBXBuildFile; fileRef = D55B208027F3920F006D16C3 /* Utils.swift */; };
		D593B7AA27E2378500EE1B59 /* AppDelegate.swift in Sources */ = {isa = PBXBuildFile; fileRef = D593B7A927E2378500EE1B59 /* AppDelegate.swift */; };
		D593B7B027E2378500EE1B59 /* GameScene.swift in Sources */ = {isa = PBXBuildFile; fileRef = D593B7AF27E2378500EE1B59 /* GameScene.swift */; };
		D593B7B227E2378500EE1B59 /* GameViewController.swift in Sources */ = {isa = PBXBuildFile; fileRef = D593B7B127E2378500EE1B59 /* GameViewController.swift */; };
		D593B7B527E2378500EE1B59 /* Main.storyboard in Resources */ = {isa = PBXBuildFile; fileRef = D593B7B327E2378500EE1B59 /* Main.storyboard */; };
		D593B7B727E2378500EE1B59 /* Assets.xcassets in Resources */ = {isa = PBXBuildFile; fileRef = D593B7B627E2378500EE1B59 /* Assets.xcassets */; };
		D593B7BA27E2378500EE1B59 /* LaunchScreen.storyboard in Resources */ = {isa = PBXBuildFile; fileRef = D593B7B827E2378500EE1B59 /* LaunchScreen.storyboard */; };
		D593B7C427E2378500EE1B59 /* TetrisGameTests.swift in Sources */ = {isa = PBXBuildFile; fileRef = D593B7C327E2378500EE1B59 /* TetrisGameTests.swift */; };
		D593B7CE27E2378500EE1B59 /* TetrisGameUITests.swift in Sources */ = {isa = PBXBuildFile; fileRef = D593B7CD27E2378500EE1B59 /* TetrisGameUITests.swift */; };
		D593B7D027E2378500EE1B59 /* TetrisGameUITestsLaunchTests.swift in Sources */ = {isa = PBXBuildFile; fileRef = D593B7CF27E2378500EE1B59 /* TetrisGameUITestsLaunchTests.swift */; };
		D593B82927EA73BE00EE1B59 /* Piece.swift in Sources */ = {isa = PBXBuildFile; fileRef = D593B82827EA73BE00EE1B59 /* Piece.swift */; };
		D5945BE8281721FF00C17F52 /* Level.swift in Sources */ = {isa = PBXBuildFile; fileRef = D5945BE7281721FE00C17F52 /* Level.swift */; };
		D5B4776D28177753004F5C7B /* GameLevel.swift in Sources */ = {isa = PBXBuildFile; fileRef = D5B4776C28177753004F5C7B /* GameLevel.swift */; };
		D99316AB2818E7B6007FC34D /* MainMenu.swift in Sources */ = {isa = PBXBuildFile; fileRef = D99316AA2818E7B6007FC34D /* MainMenu.swift */; };
/* End PBXBuildFile section */

/* Begin PBXContainerItemProxy section */
		D593B7C027E2378500EE1B59 /* PBXContainerItemProxy */ = {
			isa = PBXContainerItemProxy;
			containerPortal = D593B79E27E2378500EE1B59 /* Project object */;
			proxyType = 1;
			remoteGlobalIDString = D593B7A527E2378500EE1B59;
			remoteInfo = TetrisGame;
		};
		D593B7CA27E2378500EE1B59 /* PBXContainerItemProxy */ = {
			isa = PBXContainerItemProxy;
			containerPortal = D593B79E27E2378500EE1B59 /* Project object */;
			proxyType = 1;
			remoteGlobalIDString = D593B7A527E2378500EE1B59;
			remoteInfo = TetrisGame;
		};
/* End PBXContainerItemProxy section */

/* Begin PBXFileReference section */
		2A1037EC27ED68000042D609 /* Template.swift */ = {isa = PBXFileReference; lastKnownFileType = sourcecode.swift; path = Template.swift; sourceTree = "<group>"; };
		2A8C244D280E426400FC2A2B /* CoordConversion.swift */ = {isa = PBXFileReference; lastKnownFileType = sourcecode.swift; path = CoordConversion.swift; sourceTree = "<group>"; };
		2A8C244F280F44C300FC2A2B /* GridPoint.swift */ = {isa = PBXFileReference; lastKnownFileType = sourcecode.swift; path = GridPoint.swift; sourceTree = "<group>"; };
		2ADC1F2B27F395F5006FA96D /* Shape.swift */ = {isa = PBXFileReference; lastKnownFileType = sourcecode.swift; path = Shape.swift; sourceTree = "<group>"; };
		D55B208027F3920F006D16C3 /* Utils.swift */ = {isa = PBXFileReference; lastKnownFileType = sourcecode.swift; path = Utils.swift; sourceTree = "<group>"; };
		D593B7A627E2378500EE1B59 /* TetrisGame.app */ = {isa = PBXFileReference; explicitFileType = wrapper.application; includeInIndex = 0; path = TetrisGame.app; sourceTree = BUILT_PRODUCTS_DIR; };
		D593B7A927E2378500EE1B59 /* AppDelegate.swift */ = {isa = PBXFileReference; lastKnownFileType = sourcecode.swift; path = AppDelegate.swift; sourceTree = "<group>"; };
		D593B7AF27E2378500EE1B59 /* GameScene.swift */ = {isa = PBXFileReference; lastKnownFileType = sourcecode.swift; path = GameScene.swift; sourceTree = "<group>"; };
		D593B7B127E2378500EE1B59 /* GameViewController.swift */ = {isa = PBXFileReference; lastKnownFileType = sourcecode.swift; path = GameViewController.swift; sourceTree = "<group>"; };
		D593B7B427E2378500EE1B59 /* Base */ = {isa = PBXFileReference; lastKnownFileType = file.storyboard; name = Base; path = Base.lproj/Main.storyboard; sourceTree = "<group>"; };
		D593B7B627E2378500EE1B59 /* Assets.xcassets */ = {isa = PBXFileReference; lastKnownFileType = folder.assetcatalog; path = Assets.xcassets; sourceTree = "<group>"; };
		D593B7B927E2378500EE1B59 /* Base */ = {isa = PBXFileReference; lastKnownFileType = file.storyboard; name = Base; path = Base.lproj/LaunchScreen.storyboard; sourceTree = "<group>"; };
		D593B7BF27E2378500EE1B59 /* TetrisGameTests.xctest */ = {isa = PBXFileReference; explicitFileType = wrapper.cfbundle; includeInIndex = 0; path = TetrisGameTests.xctest; sourceTree = BUILT_PRODUCTS_DIR; };
		D593B7C327E2378500EE1B59 /* TetrisGameTests.swift */ = {isa = PBXFileReference; lastKnownFileType = sourcecode.swift; path = TetrisGameTests.swift; sourceTree = "<group>"; };
		D593B7C927E2378500EE1B59 /* TetrisGameUITests.xctest */ = {isa = PBXFileReference; explicitFileType = wrapper.cfbundle; includeInIndex = 0; path = TetrisGameUITests.xctest; sourceTree = BUILT_PRODUCTS_DIR; };
		D593B7CD27E2378500EE1B59 /* TetrisGameUITests.swift */ = {isa = PBXFileReference; lastKnownFileType = sourcecode.swift; path = TetrisGameUITests.swift; sourceTree = "<group>"; };
		D593B7CF27E2378500EE1B59 /* TetrisGameUITestsLaunchTests.swift */ = {isa = PBXFileReference; lastKnownFileType = sourcecode.swift; path = TetrisGameUITestsLaunchTests.swift; sourceTree = "<group>"; };
		D593B82827EA73BE00EE1B59 /* Piece.swift */ = {isa = PBXFileReference; lastKnownFileType = sourcecode.swift; path = Piece.swift; sourceTree = "<group>"; };
		D5945BE7281721FE00C17F52 /* Level.swift */ = {isa = PBXFileReference; lastKnownFileType = sourcecode.swift; path = Level.swift; sourceTree = "<group>"; };
		D5B4776C28177753004F5C7B /* GameLevel.swift */ = {isa = PBXFileReference; lastKnownFileType = sourcecode.swift; path = GameLevel.swift; sourceTree = "<group>"; };
		D99316AA2818E7B6007FC34D /* MainMenu.swift */ = {isa = PBXFileReference; lastKnownFileType = sourcecode.swift; path = MainMenu.swift; sourceTree = "<group>"; };
/* End PBXFileReference section */

/* Begin PBXFrameworksBuildPhase section */
		D593B7A327E2378500EE1B59 /* Frameworks */ = {
			isa = PBXFrameworksBuildPhase;
			buildActionMask = 2147483647;
			files = (
			);
			runOnlyForDeploymentPostprocessing = 0;
		};
		D593B7BC27E2378500EE1B59 /* Frameworks */ = {
			isa = PBXFrameworksBuildPhase;
			buildActionMask = 2147483647;
			files = (
			);
			runOnlyForDeploymentPostprocessing = 0;
		};
		D593B7C627E2378500EE1B59 /* Frameworks */ = {
			isa = PBXFrameworksBuildPhase;
			buildActionMask = 2147483647;
			files = (
			);
			runOnlyForDeploymentPostprocessing = 0;
		};
/* End PBXFrameworksBuildPhase section */

/* Begin PBXGroup section */
		D593B79D27E2378500EE1B59 = {
			isa = PBXGroup;
			children = (
				D593B7A827E2378500EE1B59 /* TetrisGame */,
				D593B7C227E2378500EE1B59 /* TetrisGameTests */,
				D593B7CC27E2378500EE1B59 /* TetrisGameUITests */,
				D593B7A727E2378500EE1B59 /* Products */,
			);
			sourceTree = "<group>";
		};
		D593B7A727E2378500EE1B59 /* Products */ = {
			isa = PBXGroup;
			children = (
				D593B7A627E2378500EE1B59 /* TetrisGame.app */,
				D593B7BF27E2378500EE1B59 /* TetrisGameTests.xctest */,
				D593B7C927E2378500EE1B59 /* TetrisGameUITests.xctest */,
			);
			name = Products;
			sourceTree = "<group>";
		};
		D593B7A827E2378500EE1B59 /* TetrisGame */ = {
			isa = PBXGroup;
			children = (
				D5B4776828177658004F5C7B /* Main */,
				D5B4776928177691004F5C7B /* Shapes */,
				D5B4776A281776CC004F5C7B /* Utils */,
				D5B4776B281776DD004F5C7B /* Game Level */,
				D593B7B627E2378500EE1B59 /* Assets.xcassets */,
			);
			path = TetrisGame;
			sourceTree = "<group>";
		};
		D593B7C227E2378500EE1B59 /* TetrisGameTests */ = {
			isa = PBXGroup;
			children = (
				D593B7C327E2378500EE1B59 /* TetrisGameTests.swift */,
			);
			path = TetrisGameTests;
			sourceTree = "<group>";
		};
		D593B7CC27E2378500EE1B59 /* TetrisGameUITests */ = {
			isa = PBXGroup;
			children = (
				D593B7CD27E2378500EE1B59 /* TetrisGameUITests.swift */,
				D593B7CF27E2378500EE1B59 /* TetrisGameUITestsLaunchTests.swift */,
			);
			path = TetrisGameUITests;
			sourceTree = "<group>";
		};
		D5B4776828177658004F5C7B /* Main */ = {
			isa = PBXGroup;
			children = (
				D593B7AF27E2378500EE1B59 /* GameScene.swift */,
				D593B7B327E2378500EE1B59 /* Main.storyboard */,
				D593B7B827E2378500EE1B59 /* LaunchScreen.storyboard */,
				D99316AA2818E7B6007FC34D /* MainMenu.swift */,
				D593B7B127E2378500EE1B59 /* GameViewController.swift */,
				D593B7A927E2378500EE1B59 /* AppDelegate.swift */,
			);
			path = Main;
			sourceTree = "<group>";
		};
		D5B4776928177691004F5C7B /* Shapes */ = {
			isa = PBXGroup;
			children = (
				2ADC1F2B27F395F5006FA96D /* Shape.swift */,
				D593B82827EA73BE00EE1B59 /* Piece.swift */,
				2A1037EC27ED68000042D609 /* Template.swift */,
				2A8C244D280E426400FC2A2B /* CoordConversion.swift */,
				2A8C244F280F44C300FC2A2B /* GridPoint.swift */,
			);
			path = Shapes;
			sourceTree = "<group>";
		};
		D5B4776A281776CC004F5C7B /* Utils */ = {
			isa = PBXGroup;
			children = (
				D55B208027F3920F006D16C3 /* Utils.swift */,
			);
			path = Utils;
			sourceTree = "<group>";
		};
		D5B4776B281776DD004F5C7B /* Game Level */ = {
			isa = PBXGroup;
			children = (
				D5B4776C28177753004F5C7B /* GameLevel.swift */,
				D5945BE7281721FE00C17F52 /* Level.swift */,
			);
			path = "Game Level";
			sourceTree = "<group>";
		};
/* End PBXGroup section */

/* Begin PBXNativeTarget section */
		D593B7A527E2378500EE1B59 /* TetrisGame */ = {
			isa = PBXNativeTarget;
			buildConfigurationList = D593B7D327E2378500EE1B59 /* Build configuration list for PBXNativeTarget "TetrisGame" */;
			buildPhases = (
				D593B7A227E2378500EE1B59 /* Sources */,
				D593B7A327E2378500EE1B59 /* Frameworks */,
				D593B7A427E2378500EE1B59 /* Resources */,
			);
			buildRules = (
			);
			dependencies = (
			);
			name = TetrisGame;
			productName = TetrisGame;
			productReference = D593B7A627E2378500EE1B59 /* TetrisGame.app */;
			productType = "com.apple.product-type.application";
		};
		D593B7BE27E2378500EE1B59 /* TetrisGameTests */ = {
			isa = PBXNativeTarget;
			buildConfigurationList = D593B7D627E2378500EE1B59 /* Build configuration list for PBXNativeTarget "TetrisGameTests" */;
			buildPhases = (
				D593B7BB27E2378500EE1B59 /* Sources */,
				D593B7BC27E2378500EE1B59 /* Frameworks */,
				D593B7BD27E2378500EE1B59 /* Resources */,
			);
			buildRules = (
			);
			dependencies = (
				D593B7C127E2378500EE1B59 /* PBXTargetDependency */,
			);
			name = TetrisGameTests;
			productName = TetrisGameTests;
			productReference = D593B7BF27E2378500EE1B59 /* TetrisGameTests.xctest */;
			productType = "com.apple.product-type.bundle.unit-test";
		};
		D593B7C827E2378500EE1B59 /* TetrisGameUITests */ = {
			isa = PBXNativeTarget;
			buildConfigurationList = D593B7D927E2378500EE1B59 /* Build configuration list for PBXNativeTarget "TetrisGameUITests" */;
			buildPhases = (
				D593B7C527E2378500EE1B59 /* Sources */,
				D593B7C627E2378500EE1B59 /* Frameworks */,
				D593B7C727E2378500EE1B59 /* Resources */,
			);
			buildRules = (
			);
			dependencies = (
				D593B7CB27E2378500EE1B59 /* PBXTargetDependency */,
			);
			name = TetrisGameUITests;
			productName = TetrisGameUITests;
			productReference = D593B7C927E2378500EE1B59 /* TetrisGameUITests.xctest */;
			productType = "com.apple.product-type.bundle.ui-testing";
		};
/* End PBXNativeTarget section */

/* Begin PBXProject section */
		D593B79E27E2378500EE1B59 /* Project object */ = {
			isa = PBXProject;
			attributes = {
				BuildIndependentTargetsInParallel = 1;
				LastSwiftUpdateCheck = 1320;
				LastUpgradeCheck = 1320;
				TargetAttributes = {
					D593B7A527E2378500EE1B59 = {
						CreatedOnToolsVersion = 13.2.1;
					};
					D593B7BE27E2378500EE1B59 = {
						CreatedOnToolsVersion = 13.2.1;
						TestTargetID = D593B7A527E2378500EE1B59;
					};
					D593B7C827E2378500EE1B59 = {
						CreatedOnToolsVersion = 13.2.1;
						TestTargetID = D593B7A527E2378500EE1B59;
					};
				};
			};
			buildConfigurationList = D593B7A127E2378500EE1B59 /* Build configuration list for PBXProject "TetrisGame" */;
			compatibilityVersion = "Xcode 13.0";
			developmentRegion = en;
			hasScannedForEncodings = 0;
			knownRegions = (
				en,
				Base,
			);
			mainGroup = D593B79D27E2378500EE1B59;
			productRefGroup = D593B7A727E2378500EE1B59 /* Products */;
			projectDirPath = "";
			projectRoot = "";
			targets = (
				D593B7A527E2378500EE1B59 /* TetrisGame */,
				D593B7BE27E2378500EE1B59 /* TetrisGameTests */,
				D593B7C827E2378500EE1B59 /* TetrisGameUITests */,
			);
		};
/* End PBXProject section */

/* Begin PBXResourcesBuildPhase section */
		D593B7A427E2378500EE1B59 /* Resources */ = {
			isa = PBXResourcesBuildPhase;
			buildActionMask = 2147483647;
			files = (
				D593B7B527E2378500EE1B59 /* Main.storyboard in Resources */,
				D593B7B727E2378500EE1B59 /* Assets.xcassets in Resources */,
				D593B7BA27E2378500EE1B59 /* LaunchScreen.storyboard in Resources */,
			);
			runOnlyForDeploymentPostprocessing = 0;
		};
		D593B7BD27E2378500EE1B59 /* Resources */ = {
			isa = PBXResourcesBuildPhase;
			buildActionMask = 2147483647;
			files = (
			);
			runOnlyForDeploymentPostprocessing = 0;
		};
		D593B7C727E2378500EE1B59 /* Resources */ = {
			isa = PBXResourcesBuildPhase;
			buildActionMask = 2147483647;
			files = (
			);
			runOnlyForDeploymentPostprocessing = 0;
		};
/* End PBXResourcesBuildPhase section */

/* Begin PBXSourcesBuildPhase section */
		D593B7A227E2378500EE1B59 /* Sources */ = {
			isa = PBXSourcesBuildPhase;
			buildActionMask = 2147483647;
			files = (
				D593B7B027E2378500EE1B59 /* GameScene.swift in Sources */,
				D593B7B227E2378500EE1B59 /* GameViewController.swift in Sources */,
				2A8C2450280F44C300FC2A2B /* GridPoint.swift in Sources */,
				2ADC1F2C27F395F5006FA96D /* Shape.swift in Sources */,
				D593B82927EA73BE00EE1B59 /* Piece.swift in Sources */,
				2A8C244E280E426400FC2A2B /* CoordConversion.swift in Sources */,
				D5B4776D28177753004F5C7B /* GameLevel.swift in Sources */,
				D99316AB2818E7B6007FC34D /* MainMenu.swift in Sources */,
				2A1037ED27ED68000042D609 /* Template.swift in Sources */,
				D593B7AA27E2378500EE1B59 /* AppDelegate.swift in Sources */,
				D55B208127F3920F006D16C3 /* Utils.swift in Sources */,
				D5945BE8281721FF00C17F52 /* Level.swift in Sources */,
			);
			runOnlyForDeploymentPostprocessing = 0;
		};
		D593B7BB27E2378500EE1B59 /* Sources */ = {
			isa = PBXSourcesBuildPhase;
			buildActionMask = 2147483647;
			files = (
				D593B7C427E2378500EE1B59 /* TetrisGameTests.swift in Sources */,
			);
			runOnlyForDeploymentPostprocessing = 0;
		};
		D593B7C527E2378500EE1B59 /* Sources */ = {
			isa = PBXSourcesBuildPhase;
			buildActionMask = 2147483647;
			files = (
				D593B7CE27E2378500EE1B59 /* TetrisGameUITests.swift in Sources */,
				D593B7D027E2378500EE1B59 /* TetrisGameUITestsLaunchTests.swift in Sources */,
			);
			runOnlyForDeploymentPostprocessing = 0;
		};
/* End PBXSourcesBuildPhase section */

/* Begin PBXTargetDependency section */
		D593B7C127E2378500EE1B59 /* PBXTargetDependency */ = {
			isa = PBXTargetDependency;
			target = D593B7A527E2378500EE1B59 /* TetrisGame */;
			targetProxy = D593B7C027E2378500EE1B59 /* PBXContainerItemProxy */;
		};
		D593B7CB27E2378500EE1B59 /* PBXTargetDependency */ = {
			isa = PBXTargetDependency;
			target = D593B7A527E2378500EE1B59 /* TetrisGame */;
			targetProxy = D593B7CA27E2378500EE1B59 /* PBXContainerItemProxy */;
		};
/* End PBXTargetDependency section */

/* Begin PBXVariantGroup section */
		D593B7B327E2378500EE1B59 /* Main.storyboard */ = {
			isa = PBXVariantGroup;
			children = (
				D593B7B427E2378500EE1B59 /* Base */,
			);
			name = Main.storyboard;
			sourceTree = "<group>";
		};
		D593B7B827E2378500EE1B59 /* LaunchScreen.storyboard */ = {
			isa = PBXVariantGroup;
			children = (
				D593B7B927E2378500EE1B59 /* Base */,
			);
			name = LaunchScreen.storyboard;
			sourceTree = "<group>";
		};
/* End PBXVariantGroup section */

/* Begin XCBuildConfiguration section */
		D593B7D127E2378500EE1B59 /* Debug */ = {
			isa = XCBuildConfiguration;
			buildSettings = {
				ALWAYS_SEARCH_USER_PATHS = NO;
				CLANG_ANALYZER_NONNULL = YES;
				CLANG_ANALYZER_NUMBER_OBJECT_CONVERSION = YES_AGGRESSIVE;
				CLANG_CXX_LANGUAGE_STANDARD = "gnu++17";
				CLANG_CXX_LIBRARY = "libc++";
				CLANG_ENABLE_MODULES = YES;
				CLANG_ENABLE_OBJC_ARC = YES;
				CLANG_ENABLE_OBJC_WEAK = YES;
				CLANG_WARN_BLOCK_CAPTURE_AUTORELEASING = YES;
				CLANG_WARN_BOOL_CONVERSION = YES;
				CLANG_WARN_COMMA = YES;
				CLANG_WARN_CONSTANT_CONVERSION = YES;
				CLANG_WARN_DEPRECATED_OBJC_IMPLEMENTATIONS = YES;
				CLANG_WARN_DIRECT_OBJC_ISA_USAGE = YES_ERROR;
				CLANG_WARN_DOCUMENTATION_COMMENTS = YES;
				CLANG_WARN_EMPTY_BODY = YES;
				CLANG_WARN_ENUM_CONVERSION = YES;
				CLANG_WARN_INFINITE_RECURSION = YES;
				CLANG_WARN_INT_CONVERSION = YES;
				CLANG_WARN_NON_LITERAL_NULL_CONVERSION = YES;
				CLANG_WARN_OBJC_IMPLICIT_RETAIN_SELF = YES;
				CLANG_WARN_OBJC_LITERAL_CONVERSION = YES;
				CLANG_WARN_OBJC_ROOT_CLASS = YES_ERROR;
				CLANG_WARN_QUOTED_INCLUDE_IN_FRAMEWORK_HEADER = YES;
				CLANG_WARN_RANGE_LOOP_ANALYSIS = YES;
				CLANG_WARN_STRICT_PROTOTYPES = YES;
				CLANG_WARN_SUSPICIOUS_MOVE = YES;
				CLANG_WARN_UNGUARDED_AVAILABILITY = YES_AGGRESSIVE;
				CLANG_WARN_UNREACHABLE_CODE = YES;
				CLANG_WARN__DUPLICATE_METHOD_MATCH = YES;
				COPY_PHASE_STRIP = NO;
				DEBUG_INFORMATION_FORMAT = dwarf;
				ENABLE_STRICT_OBJC_MSGSEND = YES;
				ENABLE_TESTABILITY = YES;
				GCC_C_LANGUAGE_STANDARD = gnu11;
				GCC_DYNAMIC_NO_PIC = NO;
				GCC_NO_COMMON_BLOCKS = YES;
				GCC_OPTIMIZATION_LEVEL = 0;
				GCC_PREPROCESSOR_DEFINITIONS = (
					"DEBUG=1",
					"$(inherited)",
				);
				GCC_WARN_64_TO_32_BIT_CONVERSION = YES;
				GCC_WARN_ABOUT_RETURN_TYPE = YES_ERROR;
				GCC_WARN_UNDECLARED_SELECTOR = YES;
				GCC_WARN_UNINITIALIZED_AUTOS = YES_AGGRESSIVE;
				GCC_WARN_UNUSED_FUNCTION = YES;
				GCC_WARN_UNUSED_VARIABLE = YES;
				IPHONEOS_DEPLOYMENT_TARGET = 15.2;
				MTL_ENABLE_DEBUG_INFO = INCLUDE_SOURCE;
				MTL_FAST_MATH = YES;
				ONLY_ACTIVE_ARCH = YES;
				SDKROOT = iphoneos;
				SWIFT_ACTIVE_COMPILATION_CONDITIONS = DEBUG;
				SWIFT_OPTIMIZATION_LEVEL = "-Onone";
			};
			name = Debug;
		};
		D593B7D227E2378500EE1B59 /* Release */ = {
			isa = XCBuildConfiguration;
			buildSettings = {
				ALWAYS_SEARCH_USER_PATHS = NO;
				CLANG_ANALYZER_NONNULL = YES;
				CLANG_ANALYZER_NUMBER_OBJECT_CONVERSION = YES_AGGRESSIVE;
				CLANG_CXX_LANGUAGE_STANDARD = "gnu++17";
				CLANG_CXX_LIBRARY = "libc++";
				CLANG_ENABLE_MODULES = YES;
				CLANG_ENABLE_OBJC_ARC = YES;
				CLANG_ENABLE_OBJC_WEAK = YES;
				CLANG_WARN_BLOCK_CAPTURE_AUTORELEASING = YES;
				CLANG_WARN_BOOL_CONVERSION = YES;
				CLANG_WARN_COMMA = YES;
				CLANG_WARN_CONSTANT_CONVERSION = YES;
				CLANG_WARN_DEPRECATED_OBJC_IMPLEMENTATIONS = YES;
				CLANG_WARN_DIRECT_OBJC_ISA_USAGE = YES_ERROR;
				CLANG_WARN_DOCUMENTATION_COMMENTS = YES;
				CLANG_WARN_EMPTY_BODY = YES;
				CLANG_WARN_ENUM_CONVERSION = YES;
				CLANG_WARN_INFINITE_RECURSION = YES;
				CLANG_WARN_INT_CONVERSION = YES;
				CLANG_WARN_NON_LITERAL_NULL_CONVERSION = YES;
				CLANG_WARN_OBJC_IMPLICIT_RETAIN_SELF = YES;
				CLANG_WARN_OBJC_LITERAL_CONVERSION = YES;
				CLANG_WARN_OBJC_ROOT_CLASS = YES_ERROR;
				CLANG_WARN_QUOTED_INCLUDE_IN_FRAMEWORK_HEADER = YES;
				CLANG_WARN_RANGE_LOOP_ANALYSIS = YES;
				CLANG_WARN_STRICT_PROTOTYPES = YES;
				CLANG_WARN_SUSPICIOUS_MOVE = YES;
				CLANG_WARN_UNGUARDED_AVAILABILITY = YES_AGGRESSIVE;
				CLANG_WARN_UNREACHABLE_CODE = YES;
				CLANG_WARN__DUPLICATE_METHOD_MATCH = YES;
				COPY_PHASE_STRIP = NO;
				DEBUG_INFORMATION_FORMAT = "dwarf-with-dsym";
				ENABLE_NS_ASSERTIONS = NO;
				ENABLE_STRICT_OBJC_MSGSEND = YES;
				GCC_C_LANGUAGE_STANDARD = gnu11;
				GCC_NO_COMMON_BLOCKS = YES;
				GCC_WARN_64_TO_32_BIT_CONVERSION = YES;
				GCC_WARN_ABOUT_RETURN_TYPE = YES_ERROR;
				GCC_WARN_UNDECLARED_SELECTOR = YES;
				GCC_WARN_UNINITIALIZED_AUTOS = YES_AGGRESSIVE;
				GCC_WARN_UNUSED_FUNCTION = YES;
				GCC_WARN_UNUSED_VARIABLE = YES;
				IPHONEOS_DEPLOYMENT_TARGET = 15.2;
				MTL_ENABLE_DEBUG_INFO = NO;
				MTL_FAST_MATH = YES;
				SDKROOT = iphoneos;
				SWIFT_COMPILATION_MODE = wholemodule;
				SWIFT_OPTIMIZATION_LEVEL = "-O";
				VALIDATE_PRODUCT = YES;
			};
			name = Release;
		};
		D593B7D427E2378500EE1B59 /* Debug */ = {
			isa = XCBuildConfiguration;
			buildSettings = {
				ASSETCATALOG_COMPILER_APPICON_NAME = AppIcon;
				ASSETCATALOG_COMPILER_GLOBAL_ACCENT_COLOR_NAME = AccentColor;
				CODE_SIGN_STYLE = Automatic;
				CURRENT_PROJECT_VERSION = 1;
				DEVELOPMENT_TEAM = VFCD8469V6;
				GENERATE_INFOPLIST_FILE = YES;
				INFOPLIST_KEY_UIApplicationSupportsIndirectInputEvents = YES;
				INFOPLIST_KEY_UILaunchStoryboardName = LaunchScreen;
				INFOPLIST_KEY_UIMainStoryboardFile = Main;
				INFOPLIST_KEY_UIStatusBarHidden = YES;
				INFOPLIST_KEY_UISupportedInterfaceOrientations_iPad = "UIInterfaceOrientationPortrait UIInterfaceOrientationPortraitUpsideDown UIInterfaceOrientationLandscapeLeft UIInterfaceOrientationLandscapeRight";
				INFOPLIST_KEY_UISupportedInterfaceOrientations_iPhone = "UIInterfaceOrientationPortrait UIInterfaceOrientationLandscapeLeft UIInterfaceOrientationLandscapeRight";
				LD_RUNPATH_SEARCH_PATHS = (
					"$(inherited)",
					"@executable_path/Frameworks",
				);
				MARKETING_VERSION = 1.0;
				PRODUCT_BUNDLE_IDENTIFIER = Gyaltsen.TetrisGame;
				PRODUCT_NAME = "$(TARGET_NAME)";
				SWIFT_EMIT_LOC_STRINGS = YES;
				SWIFT_VERSION = 5.0;
				TARGETED_DEVICE_FAMILY = "1,2";
			};
			name = Debug;
		};
		D593B7D527E2378500EE1B59 /* Release */ = {
			isa = XCBuildConfiguration;
			buildSettings = {
				ASSETCATALOG_COMPILER_APPICON_NAME = AppIcon;
				ASSETCATALOG_COMPILER_GLOBAL_ACCENT_COLOR_NAME = AccentColor;
				CODE_SIGN_STYLE = Automatic;
				CURRENT_PROJECT_VERSION = 1;
				DEVELOPMENT_TEAM = VFCD8469V6;
				GENERATE_INFOPLIST_FILE = YES;
				INFOPLIST_KEY_UIApplicationSupportsIndirectInputEvents = YES;
				INFOPLIST_KEY_UILaunchStoryboardName = LaunchScreen;
				INFOPLIST_KEY_UIMainStoryboardFile = Main;
				INFOPLIST_KEY_UIStatusBarHidden = YES;
				INFOPLIST_KEY_UISupportedInterfaceOrientations_iPad = "UIInterfaceOrientationPortrait UIInterfaceOrientationPortraitUpsideDown UIInterfaceOrientationLandscapeLeft UIInterfaceOrientationLandscapeRight";
				INFOPLIST_KEY_UISupportedInterfaceOrientations_iPhone = "UIInterfaceOrientationPortrait UIInterfaceOrientationLandscapeLeft UIInterfaceOrientationLandscapeRight";
				LD_RUNPATH_SEARCH_PATHS = (
					"$(inherited)",
					"@executable_path/Frameworks",
				);
				MARKETING_VERSION = 1.0;
				PRODUCT_BUNDLE_IDENTIFIER = Gyaltsen.TetrisGame;
				PRODUCT_NAME = "$(TARGET_NAME)";
				SWIFT_EMIT_LOC_STRINGS = YES;
				SWIFT_VERSION = 5.0;
				TARGETED_DEVICE_FAMILY = "1,2";
			};
			name = Release;
		};
		D593B7D727E2378500EE1B59 /* Debug */ = {
			isa = XCBuildConfiguration;
			buildSettings = {
				ALWAYS_EMBED_SWIFT_STANDARD_LIBRARIES = YES;
				BUNDLE_LOADER = "$(TEST_HOST)";
				CODE_SIGN_STYLE = Automatic;
				CURRENT_PROJECT_VERSION = 1;
				DEVELOPMENT_TEAM = VFCD8469V6;
				GENERATE_INFOPLIST_FILE = YES;
				IPHONEOS_DEPLOYMENT_TARGET = 15.2;
				MARKETING_VERSION = 1.0;
				PRODUCT_BUNDLE_IDENTIFIER = Gyaltsen.TetrisGameTests;
				PRODUCT_NAME = "$(TARGET_NAME)";
				SWIFT_EMIT_LOC_STRINGS = NO;
				SWIFT_VERSION = 5.0;
				TARGETED_DEVICE_FAMILY = "1,2";
				TEST_HOST = "$(BUILT_PRODUCTS_DIR)/TetrisGame.app/TetrisGame";
			};
			name = Debug;
		};
		D593B7D827E2378500EE1B59 /* Release */ = {
			isa = XCBuildConfiguration;
			buildSettings = {
				ALWAYS_EMBED_SWIFT_STANDARD_LIBRARIES = YES;
				BUNDLE_LOADER = "$(TEST_HOST)";
				CODE_SIGN_STYLE = Automatic;
				CURRENT_PROJECT_VERSION = 1;
				DEVELOPMENT_TEAM = VFCD8469V6;
				GENERATE_INFOPLIST_FILE = YES;
				IPHONEOS_DEPLOYMENT_TARGET = 15.2;
				MARKETING_VERSION = 1.0;
				PRODUCT_BUNDLE_IDENTIFIER = Gyaltsen.TetrisGameTests;
				PRODUCT_NAME = "$(TARGET_NAME)";
				SWIFT_EMIT_LOC_STRINGS = NO;
				SWIFT_VERSION = 5.0;
				TARGETED_DEVICE_FAMILY = "1,2";
				TEST_HOST = "$(BUILT_PRODUCTS_DIR)/TetrisGame.app/TetrisGame";
			};
			name = Release;
		};
		D593B7DA27E2378500EE1B59 /* Debug */ = {
			isa = XCBuildConfiguration;
			buildSettings = {
				ALWAYS_EMBED_SWIFT_STANDARD_LIBRARIES = YES;
				CODE_SIGN_STYLE = Automatic;
				CURRENT_PROJECT_VERSION = 1;
				DEVELOPMENT_TEAM = VFCD8469V6;
				GENERATE_INFOPLIST_FILE = YES;
				MARKETING_VERSION = 1.0;
				PRODUCT_BUNDLE_IDENTIFIER = Gyaltsen.TetrisGameUITests;
				PRODUCT_NAME = "$(TARGET_NAME)";
				SWIFT_EMIT_LOC_STRINGS = NO;
				SWIFT_VERSION = 5.0;
				TARGETED_DEVICE_FAMILY = "1,2";
				TEST_TARGET_NAME = TetrisGame;
			};
			name = Debug;
		};
		D593B7DB27E2378500EE1B59 /* Release */ = {
			isa = XCBuildConfiguration;
			buildSettings = {
				ALWAYS_EMBED_SWIFT_STANDARD_LIBRARIES = YES;
				CODE_SIGN_STYLE = Automatic;
				CURRENT_PROJECT_VERSION = 1;
				DEVELOPMENT_TEAM = VFCD8469V6;
				GENERATE_INFOPLIST_FILE = YES;
				MARKETING_VERSION = 1.0;
				PRODUCT_BUNDLE_IDENTIFIER = Gyaltsen.TetrisGameUITests;
				PRODUCT_NAME = "$(TARGET_NAME)";
				SWIFT_EMIT_LOC_STRINGS = NO;
				SWIFT_VERSION = 5.0;
				TARGETED_DEVICE_FAMILY = "1,2";
				TEST_TARGET_NAME = TetrisGame;
			};
			name = Release;
		};
/* End XCBuildConfiguration section */

/* Begin XCConfigurationList section */
		D593B7A127E2378500EE1B59 /* Build configuration list for PBXProject "TetrisGame" */ = {
			isa = XCConfigurationList;
			buildConfigurations = (
				D593B7D127E2378500EE1B59 /* Debug */,
				D593B7D227E2378500EE1B59 /* Release */,
			);
			defaultConfigurationIsVisible = 0;
			defaultConfigurationName = Release;
		};
		D593B7D327E2378500EE1B59 /* Build configuration list for PBXNativeTarget "TetrisGame" */ = {
			isa = XCConfigurationList;
			buildConfigurations = (
				D593B7D427E2378500EE1B59 /* Debug */,
				D593B7D527E2378500EE1B59 /* Release */,
			);
			defaultConfigurationIsVisible = 0;
			defaultConfigurationName = Release;
		};
		D593B7D627E2378500EE1B59 /* Build configuration list for PBXNativeTarget "TetrisGameTests" */ = {
			isa = XCConfigurationList;
			buildConfigurations = (
				D593B7D727E2378500EE1B59 /* Debug */,
				D593B7D827E2378500EE1B59 /* Release */,
			);
			defaultConfigurationIsVisible = 0;
			defaultConfigurationName = Release;
		};
		D593B7D927E2378500EE1B59 /* Build configuration list for PBXNativeTarget "TetrisGameUITests" */ = {
			isa = XCConfigurationList;
			buildConfigurations = (
				D593B7DA27E2378500EE1B59 /* Debug */,
				D593B7DB27E2378500EE1B59 /* Release */,
			);
			defaultConfigurationIsVisible = 0;
			defaultConfigurationName = Release;
		};
/* End XCConfigurationList section */
	};
	rootObject = D593B79E27E2378500EE1B59 /* Project object */;
}
